
Microsoft Visual Studio Solution File, Format Version 12.00
# Visual Studio Version 16
VisualStudioVersion = 16.0.29609.76
MinimumVisualStudioVersion = 10.0.40219.1
Project("{FAE04EC0-301F-11D3-BF4B-00C04F79EFBC}") = "Web", "Web\Web.csproj", "{114CA631-ABC5-4558-BEF3-0D0C70570155}"
EndProject
Global
	GlobalSection(SolutionConfigurationPlatforms) = preSolution
		Debug|Any CPU = Debug|Any CPU
		Release|Any CPU = Release|Any CPU
	EndGlobalSection
	GlobalSection(ProjectConfigurationPlatforms) = postSolution
		{114CA631-ABC5-4558-BEF3-0D0C70570155}.Debug|Any CPU.ActiveCfg = Debug|Any CPU
		{114CA631-ABC5-4558-BEF3-0D0C70570155}.Debug|Any CPU.Build.0 = Debug|Any CPU
		{114CA631-ABC5-4558-BEF3-0D0C70570155}.Release|Any CPU.ActiveCfg = Release|Any CPU
		{114CA631-ABC5-4558-BEF3-0D0C70570155}.Release|Any CPU.Build.0 = Release|Any CPU
	EndGlobalSection
	GlobalSection(SolutionProperties) = preSolution
		HideSolutionNode = FALSE
	EndGlobalSection
	GlobalSection(ExtensibilityGlobals) = postSolution
		SolutionGuid = {81B6E3BA-D141-4125-9A4D-6E4A0E49129E}
	EndGlobalSection
EndGlobal
