
Microsoft Visual Studio Solution File, Format Version 12.00
# Visual Studio Version 16
VisualStudioVersion = 16.0.29905.134
MinimumVisualStudioVersion = 10.0.40219.1
Project("{FAE04EC0-301F-11D3-BF4B-00C04F79EFBC}") = "Mqtt.Publisher", "Mqtt.Publisher\Mqtt.Publisher.csproj", "{394FB7AC-EA1B-42B1-B049-224CD4282E41}"
EndProject
Global
	GlobalSection(SolutionConfigurationPlatforms) = preSolution
		Debug|Any CPU = Debug|Any CPU
		Release|Any CPU = Release|Any CPU
	EndGlobalSection
	GlobalSection(ProjectConfigurationPlatforms) = postSolution
		{394FB7AC-EA1B-42B1-B049-224CD4282E41}.Debug|Any CPU.ActiveCfg = Debug|Any CPU
		{394FB7AC-EA1B-42B1-B049-224CD4282E41}.Debug|Any CPU.Build.0 = Debug|Any CPU
		{394FB7AC-EA1B-42B1-B049-224CD4282E41}.Release|Any CPU.ActiveCfg = Release|Any CPU
		{394FB7AC-EA1B-42B1-B049-224CD4282E41}.Release|Any CPU.Build.0 = Release|Any CPU
	EndGlobalSection
	GlobalSection(SolutionProperties) = preSolution
		HideSolutionNode = FALSE
	EndGlobalSection
	GlobalSection(ExtensibilityGlobals) = postSolution
		SolutionGuid = {37BCB907-C9A6-415D-8AB7-13C7EE40338E}
	EndGlobalSection
EndGlobal
